
Microsoft Visual Studio Solution File, Format Version 12.00
# Visual Studio Version 17
VisualStudioVersion = 17.4.33205.214
MinimumVisualStudioVersion = 10.0.40219.1
Project("{9A19103F-16F7-4668-BE54-9A1E7A4F7556}") = "RecipeAppMVC", "RecipeAppMVC\RecipeAppMVC.csproj", "{574EAAC0-A9C6-4D2F-920C-41E4FFA8F9C8}"
EndProject
Project("{9A19103F-16F7-4668-BE54-9A1E7A4F7556}") = "RecipeAppDAL", "RecipeAppDAL\RecipeAppDAL.csproj", "{6E773604-3234-4EA9-9B98-A0CDF9E9A1A4}"
EndProject
Project("{9A19103F-16F7-4668-BE54-9A1E7A4F7556}") = "RecipeApp.IdentityLayer", "RecipeApp.IdentityLayer\RecipeApp.IdentityLayer.csproj", "{35979EE2-CE64-4621-949E-5F89CE7E7162}"
EndProject
Global
	GlobalSection(SolutionConfigurationPlatforms) = preSolution
		Debug|Any CPU = Debug|Any CPU
		Release|Any CPU = Release|Any CPU
	EndGlobalSection
	GlobalSection(ProjectConfigurationPlatforms) = postSolution
		{574EAAC0-A9C6-4D2F-920C-41E4FFA8F9C8}.Debug|Any CPU.ActiveCfg = Debug|Any CPU
		{574EAAC0-A9C6-4D2F-920C-41E4FFA8F9C8}.Debug|Any CPU.Build.0 = Debug|Any CPU
		{574EAAC0-A9C6-4D2F-920C-41E4FFA8F9C8}.Release|Any CPU.ActiveCfg = Release|Any CPU
		{574EAAC0-A9C6-4D2F-920C-41E4FFA8F9C8}.Release|Any CPU.Build.0 = Release|Any CPU
		{6E773604-3234-4EA9-9B98-A0CDF9E9A1A4}.Debug|Any CPU.ActiveCfg = Debug|Any CPU
		{6E773604-3234-4EA9-9B98-A0CDF9E9A1A4}.Debug|Any CPU.Build.0 = Debug|Any CPU
		{6E773604-3234-4EA9-9B98-A0CDF9E9A1A4}.Release|Any CPU.ActiveCfg = Release|Any CPU
		{6E773604-3234-4EA9-9B98-A0CDF9E9A1A4}.Release|Any CPU.Build.0 = Release|Any CPU
		{35979EE2-CE64-4621-949E-5F89CE7E7162}.Debug|Any CPU.ActiveCfg = Debug|Any CPU
		{35979EE2-CE64-4621-949E-5F89CE7E7162}.Debug|Any CPU.Build.0 = Debug|Any CPU
		{35979EE2-CE64-4621-949E-5F89CE7E7162}.Release|Any CPU.ActiveCfg = Release|Any CPU
		{35979EE2-CE64-4621-949E-5F89CE7E7162}.Release|Any CPU.Build.0 = Release|Any CPU
	EndGlobalSection
	GlobalSection(SolutionProperties) = preSolution
		HideSolutionNode = FALSE
	EndGlobalSection
	GlobalSection(ExtensibilityGlobals) = postSolution
		SolutionGuid = {8DC0AEDA-9191-481C-B5B9-BE75905D7C51}
	EndGlobalSection
EndGlobal
